PODS:
  - Flutter (1.0.0)
  - nearby_cross (0.0.1):
    - Flutter
  - permission_handler_apple (9.0.4):
    - Flutter

DEPENDENCIES:
  - Flutter (from `Flutter`)
  - nearby_cross (from `.symlinks/plugins/nearby_cross/ios`)
  - permission_handler_apple (from `.symlinks/plugins/permission_handler_apple/ios`)

EXTERNAL SOURCES:
  Flutter:
    :path: Flutter
  nearby_cross:
    :path: ".symlinks/plugins/nearby_cross/ios"
  permission_handler_apple:
    :path: ".symlinks/plugins/permission_handler_apple/ios"

SPEC CHECKSUMS:
  Flutter: f04841e97a9d0b0a8025694d0796dd46242b2854
  nearby_cross: 260db67c6c02f00cff62c960dbbf5c58b2593f6c
  permission_handler_apple: 44366e37eaf29454a1e7b1b7d736c2cceaeb17ce

PODFILE CHECKSUM: fefae7997617bda0dcaf4d7019b93633d408cbf5

COCOAPODS: 1.12.0
