PODS:
  - FlutterMacOS (1.0.0)
  - nearby_cross (0.0.1):
    - FlutterMacOS

DEPENDENCIES:
  - FlutterMacOS (from `Flutter/ephemeral`)
  - nearby_cross (from `Flutter/ephemeral/.symlinks/plugins/nearby_cross/macos`)

EXTERNAL SOURCES:
  FlutterMacOS:
    :path: Flutter/ephemeral
  nearby_cross:
    :path: Flutter/ephemeral/.symlinks/plugins/nearby_cross/macos

SPEC CHECKSUMS:
  FlutterMacOS: 8f6f14fa908a6fb3fba0cd85dbd81ec4b251fb24
  nearby_cross: 388389cb57083d19bf249b2d03c379266607cb0c

PODFILE CHECKSUM: 353c8bcc5d5b0994e508d035b5431cfe18c1dea7

COCOAPODS: 1.12.1
